{
  "requires": true,
  "lockfileVersion": 1,
  "dependencies": {
    "fuse.js": {
      "version": "3.3.0",
      "resolved": "https://registry.npmjs.org/fuse.js/-/fuse.js-3.3.0.tgz",
      "integrity": "sha512-ESBRkGLWMuVkapqYCcNO1uqMg5qbCKkgb+VS6wsy17Rix0/cMS9kSOZoYkjH8Ko//pgJ/EEGu0GTjk2mjX2LGQ=="
    },
    "fuzzy-search": {
      "version": "3.0.1",
      "resolved": "https://registry.npmjs.org/fuzzy-search/-/fuzzy-search-3.0.1.tgz",
      "integrity": "sha512-rjUvzdsMlOyarm0oD5k6zVQwgvt4Tb5Xe3YdIGU+Vogw54+ueAGPUTMU2B9jfPQEie5cD11i/S9J9d+MNBSQ3Q=="
    }
  }
}
